
Microsoft Visual Studio Solution File, Format Version 12.00
Project("{FAE04EC0-301F-11D3-BF4B-00C04F79EFBC}") = "s24422-zad5", "s24422-zad5\s24422-zad5.csproj", "{681E5E5B-F035-4642-A90B-ED5862741467}"
EndProject
Global
	GlobalSection(SolutionConfigurationPlatforms) = preSolution
		Debug|Any CPU = Debug|Any CPU
		Release|Any CPU = Release|Any CPU
	EndGlobalSection
	GlobalSection(ProjectConfigurationPlatforms) = postSolution
		{681E5E5B-F035-4642-A90B-ED5862741467}.Debug|Any CPU.ActiveCfg = Debug|Any CPU
		{681E5E5B-F035-4642-A90B-ED5862741467}.Debug|Any CPU.Build.0 = Debug|Any CPU
		{681E5E5B-F035-4642-A90B-ED5862741467}.Release|Any CPU.ActiveCfg = Release|Any CPU
		{681E5E5B-F035-4642-A90B-ED5862741467}.Release|Any CPU.Build.0 = Release|Any CPU
	EndGlobalSection
EndGlobal
